
Microsoft Visual Studio Solution File, Format Version 12.00
# Visual Studio 14
VisualStudioVersion = 14.0.25420.1
MinimumVisualStudioVersion = 10.0.40219.1
Project("{FAE04EC0-301F-11D3-BF4B-00C04F79EFBC}") = "SignalRChat", "SignalRChat\SignalRChat.csproj", "{22817C13-21E8-40A9-B9EC-8CB66A4DF7EC}"
EndProject
Project("{FAE04EC0-301F-11D3-BF4B-00C04F79EFBC}") = "ChatTest", "ChatTest\ChatTest.csproj", "{9D28AA10-CEC5-4B87-AD0A-3581B35360DA}"
EndProject
Project("{FAE04EC0-301F-11D3-BF4B-00C04F79EFBC}") = "SignalRChat_MI", "SignalRChat_MI\SignalRChat_MI.csproj", "{508122B5-5E4D-4026-86EC-7987F6399AEA}"
EndProject
Global
	GlobalSection(SolutionConfigurationPlatforms) = preSolution
		Debug|Any CPU = Debug|Any CPU
		Release|Any CPU = Release|Any CPU
	EndGlobalSection
	GlobalSection(ProjectConfigurationPlatforms) = postSolution
		{22817C13-21E8-40A9-B9EC-8CB66A4DF7EC}.Debug|Any CPU.ActiveCfg = Debug|Any CPU
		{22817C13-21E8-40A9-B9EC-8CB66A4DF7EC}.Debug|Any CPU.Build.0 = Debug|Any CPU
		{22817C13-21E8-40A9-B9EC-8CB66A4DF7EC}.Release|Any CPU.ActiveCfg = Release|Any CPU
		{22817C13-21E8-40A9-B9EC-8CB66A4DF7EC}.Release|Any CPU.Build.0 = Release|Any CPU
		{9D28AA10-CEC5-4B87-AD0A-3581B35360DA}.Debug|Any CPU.ActiveCfg = Debug|Any CPU
		{9D28AA10-CEC5-4B87-AD0A-3581B35360DA}.Debug|Any CPU.Build.0 = Debug|Any CPU
		{9D28AA10-CEC5-4B87-AD0A-3581B35360DA}.Release|Any CPU.ActiveCfg = Release|Any CPU
		{9D28AA10-CEC5-4B87-AD0A-3581B35360DA}.Release|Any CPU.Build.0 = Release|Any CPU
		{508122B5-5E4D-4026-86EC-7987F6399AEA}.Debug|Any CPU.ActiveCfg = Debug|Any CPU
		{508122B5-5E4D-4026-86EC-7987F6399AEA}.Debug|Any CPU.Build.0 = Debug|Any CPU
		{508122B5-5E4D-4026-86EC-7987F6399AEA}.Release|Any CPU.ActiveCfg = Release|Any CPU
		{508122B5-5E4D-4026-86EC-7987F6399AEA}.Release|Any CPU.Build.0 = Release|Any CPU
	EndGlobalSection
	GlobalSection(SolutionProperties) = preSolution
		HideSolutionNode = FALSE
	EndGlobalSection
EndGlobal
